
Microsoft Visual Studio Solution File, Format Version 12.00
# Visual Studio 15
VisualStudioVersion = 15.0.26124.0
MinimumVisualStudioVersion = 15.0.26124.0
Project("{FAE04EC0-301F-11D3-BF4B-00C04F79EFBC}") = "ExamplePlugin", "Plugins\ExamplePlugin\ExamplePlugin.csproj", "{8FFD2375-3733-4885-A1D3-A7E4B41F2BBF}"
EndProject
Project("{FAE04EC0-301F-11D3-BF4B-00C04F79EFBC}") = "MisfitBot-MKII", "MisfitBot\MisfitBot-MKII.csproj", "{740BF7F1-F8B0-4A1A-ADFF-F06724BC4B43}"
EndProject
Project("{FAE04EC0-301F-11D3-BF4B-00C04F79EFBC}") = "AdminPlugin", "Plugins\AdminPlugin\AdminPlugin.csproj", "{10FA11B6-39AC-41AE-8B07-FF4ED2958520}"
EndProject
Project("{2150E333-8FDC-42A3-9474-1A3956D46DE8}") = "Plugins", "Plugins", "{4DEC6F11-DE6F-4355-8864-5B4812F5354B}"
EndProject
Project("{FAE04EC0-301F-11D3-BF4B-00C04F79EFBC}") = "Couch", "Plugins\Couch\Couch.csproj", "{CDECC1CC-B2D3-48D7-ACD5-EAADCA780898}"
EndProject
Global
	GlobalSection(SolutionConfigurationPlatforms) = preSolution
		Debug|Any CPU = Debug|Any CPU
		Debug|x64 = Debug|x64
		Debug|x86 = Debug|x86
		Release|Any CPU = Release|Any CPU
		Release|x64 = Release|x64
		Release|x86 = Release|x86
	EndGlobalSection
	GlobalSection(SolutionProperties) = preSolution
		HideSolutionNode = FALSE
	EndGlobalSection
	GlobalSection(ProjectConfigurationPlatforms) = postSolution
		{8FFD2375-3733-4885-A1D3-A7E4B41F2BBF}.Debug|Any CPU.ActiveCfg = Debug|Any CPU
		{8FFD2375-3733-4885-A1D3-A7E4B41F2BBF}.Debug|Any CPU.Build.0 = Debug|Any CPU
		{8FFD2375-3733-4885-A1D3-A7E4B41F2BBF}.Debug|x64.ActiveCfg = Debug|Any CPU
		{8FFD2375-3733-4885-A1D3-A7E4B41F2BBF}.Debug|x64.Build.0 = Debug|Any CPU
		{8FFD2375-3733-4885-A1D3-A7E4B41F2BBF}.Debug|x86.ActiveCfg = Debug|Any CPU
		{8FFD2375-3733-4885-A1D3-A7E4B41F2BBF}.Debug|x86.Build.0 = Debug|Any CPU
		{8FFD2375-3733-4885-A1D3-A7E4B41F2BBF}.Release|Any CPU.ActiveCfg = Release|Any CPU
		{8FFD2375-3733-4885-A1D3-A7E4B41F2BBF}.Release|Any CPU.Build.0 = Release|Any CPU
		{8FFD2375-3733-4885-A1D3-A7E4B41F2BBF}.Release|x64.ActiveCfg = Release|Any CPU
		{8FFD2375-3733-4885-A1D3-A7E4B41F2BBF}.Release|x64.Build.0 = Release|Any CPU
		{8FFD2375-3733-4885-A1D3-A7E4B41F2BBF}.Release|x86.ActiveCfg = Release|Any CPU
		{8FFD2375-3733-4885-A1D3-A7E4B41F2BBF}.Release|x86.Build.0 = Release|Any CPU
		{740BF7F1-F8B0-4A1A-ADFF-F06724BC4B43}.Debug|Any CPU.ActiveCfg = Debug|Any CPU
		{740BF7F1-F8B0-4A1A-ADFF-F06724BC4B43}.Debug|Any CPU.Build.0 = Debug|Any CPU
		{740BF7F1-F8B0-4A1A-ADFF-F06724BC4B43}.Debug|x64.ActiveCfg = Debug|Any CPU
		{740BF7F1-F8B0-4A1A-ADFF-F06724BC4B43}.Debug|x64.Build.0 = Debug|Any CPU
		{740BF7F1-F8B0-4A1A-ADFF-F06724BC4B43}.Debug|x86.ActiveCfg = Debug|Any CPU
		{740BF7F1-F8B0-4A1A-ADFF-F06724BC4B43}.Debug|x86.Build.0 = Debug|Any CPU
		{740BF7F1-F8B0-4A1A-ADFF-F06724BC4B43}.Release|Any CPU.ActiveCfg = Release|Any CPU
		{740BF7F1-F8B0-4A1A-ADFF-F06724BC4B43}.Release|Any CPU.Build.0 = Release|Any CPU
		{740BF7F1-F8B0-4A1A-ADFF-F06724BC4B43}.Release|x64.ActiveCfg = Release|Any CPU
		{740BF7F1-F8B0-4A1A-ADFF-F06724BC4B43}.Release|x64.Build.0 = Release|Any CPU
		{740BF7F1-F8B0-4A1A-ADFF-F06724BC4B43}.Release|x86.ActiveCfg = Release|Any CPU
		{740BF7F1-F8B0-4A1A-ADFF-F06724BC4B43}.Release|x86.Build.0 = Release|Any CPU
		{10FA11B6-39AC-41AE-8B07-FF4ED2958520}.Debug|Any CPU.ActiveCfg = Debug|Any CPU
		{10FA11B6-39AC-41AE-8B07-FF4ED2958520}.Debug|Any CPU.Build.0 = Debug|Any CPU
		{10FA11B6-39AC-41AE-8B07-FF4ED2958520}.Debug|x64.ActiveCfg = Debug|Any CPU
		{10FA11B6-39AC-41AE-8B07-FF4ED2958520}.Debug|x64.Build.0 = Debug|Any CPU
		{10FA11B6-39AC-41AE-8B07-FF4ED2958520}.Debug|x86.ActiveCfg = Debug|Any CPU
		{10FA11B6-39AC-41AE-8B07-FF4ED2958520}.Debug|x86.Build.0 = Debug|Any CPU
		{10FA11B6-39AC-41AE-8B07-FF4ED2958520}.Release|Any CPU.ActiveCfg = Release|Any CPU
		{10FA11B6-39AC-41AE-8B07-FF4ED2958520}.Release|Any CPU.Build.0 = Release|Any CPU
		{10FA11B6-39AC-41AE-8B07-FF4ED2958520}.Release|x64.ActiveCfg = Release|Any CPU
		{10FA11B6-39AC-41AE-8B07-FF4ED2958520}.Release|x64.Build.0 = Release|Any CPU
		{10FA11B6-39AC-41AE-8B07-FF4ED2958520}.Release|x86.ActiveCfg = Release|Any CPU
		{10FA11B6-39AC-41AE-8B07-FF4ED2958520}.Release|x86.Build.0 = Release|Any CPU
		{CDECC1CC-B2D3-48D7-ACD5-EAADCA780898}.Debug|Any CPU.ActiveCfg = Debug|Any CPU
		{CDECC1CC-B2D3-48D7-ACD5-EAADCA780898}.Debug|Any CPU.Build.0 = Debug|Any CPU
		{CDECC1CC-B2D3-48D7-ACD5-EAADCA780898}.Debug|x64.ActiveCfg = Debug|Any CPU
		{CDECC1CC-B2D3-48D7-ACD5-EAADCA780898}.Debug|x64.Build.0 = Debug|Any CPU
		{CDECC1CC-B2D3-48D7-ACD5-EAADCA780898}.Debug|x86.ActiveCfg = Debug|Any CPU
		{CDECC1CC-B2D3-48D7-ACD5-EAADCA780898}.Debug|x86.Build.0 = Debug|Any CPU
		{CDECC1CC-B2D3-48D7-ACD5-EAADCA780898}.Release|Any CPU.ActiveCfg = Release|Any CPU
		{CDECC1CC-B2D3-48D7-ACD5-EAADCA780898}.Release|Any CPU.Build.0 = Release|Any CPU
		{CDECC1CC-B2D3-48D7-ACD5-EAADCA780898}.Release|x64.ActiveCfg = Release|Any CPU
		{CDECC1CC-B2D3-48D7-ACD5-EAADCA780898}.Release|x64.Build.0 = Release|Any CPU
		{CDECC1CC-B2D3-48D7-ACD5-EAADCA780898}.Release|x86.ActiveCfg = Release|Any CPU
		{CDECC1CC-B2D3-48D7-ACD5-EAADCA780898}.Release|x86.Build.0 = Release|Any CPU
	EndGlobalSection
	GlobalSection(NestedProjects) = preSolution
		{8FFD2375-3733-4885-A1D3-A7E4B41F2BBF} = {36E8A727-F153-4A90-BCC1-AE41A0E129E0}
		{10FA11B6-39AC-41AE-8B07-FF4ED2958520} = {36E8A727-F153-4A90-BCC1-AE41A0E129E0}
		{CDECC1CC-B2D3-48D7-ACD5-EAADCA780898} = {4DEC6F11-DE6F-4355-8864-5B4812F5354B}
	EndGlobalSection
EndGlobal
