
Microsoft Visual Studio Solution File, Format Version 12.00
# Visual Studio Version 16
VisualStudioVersion = 16.0.32413.511
MinimumVisualStudioVersion = 15.0.26124.0
Project("{9A19103F-16F7-4668-BE54-9A1E7A4F7556}") = "MisfitBot-MKII", "MisfitBot\MisfitBot-MKII.csproj", "{740BF7F1-F8B0-4A1A-ADFF-F06724BC4B43}"
EndProject
Project("{9A19103F-16F7-4668-BE54-9A1E7A4F7556}") = "ExamplePlugin", "Plugins\ExamplePlugin\ExamplePlugin.csproj", "{8FFD2375-3733-4885-A1D3-A7E4B41F2BBF}"
EndProject
Project("{9A19103F-16F7-4668-BE54-9A1E7A4F7556}") = "AdminPlugin", "Plugins\AdminPlugin\AdminPlugin.csproj", "{10FA11B6-39AC-41AE-8B07-FF4ED2958520}"
EndProject
Project("{9A19103F-16F7-4668-BE54-9A1E7A4F7556}") = "Couch", "Plugins\Couch\Couch.csproj", "{CDECC1CC-B2D3-48D7-ACD5-EAADCA780898}"
EndProject
Project("{9A19103F-16F7-4668-BE54-9A1E7A4F7556}") = "RolesPlugin", "Plugins\RolesPlugin\RolesPlugin.csproj", "{5982D297-4F62-4CE6-A896-116C6A5E99A0}"
EndProject
Project("{2150E333-8FDC-42A3-9474-1A3956D46DE8}") = "Plugins", "Plugins", "{DCFAB9DC-D382-451D-ACBE-9A5B7BB14E24}"
EndProject
Project("{9A19103F-16F7-4668-BE54-9A1E7A4F7556}") = "Insults", "Plugins\Insults\Insults.csproj", "{6E3EBE3C-5073-456A-BD2E-692EC0C628D3}"
EndProject
Project("{9A19103F-16F7-4668-BE54-9A1E7A4F7556}") = "QueuePlugin", "Plugins\QueuePlugin\QueuePlugin.csproj", "{F38C9D18-3E7A-402E-8682-08DD7D4823FB}"
EndProject
Project("{9A19103F-16F7-4668-BE54-9A1E7A4F7556}") = "ShoutOut", "Plugins\ShoutOutPlugin\ShoutOut.csproj", "{7C790CB3-7D26-4255-B0BA-597438EF9E51}"
EndProject
Project("{FAE04EC0-301F-11D3-BF4B-00C04F79EFBC}") = "CommunityPicksPlugin", "Plugins\CommunityPicksPlugin\CommunityPicksPlugin.csproj", "{CA90BB6D-1165-4D28-88C4-29967D08BD2F}"
EndProject
Global
	GlobalSection(SolutionConfigurationPlatforms) = preSolution
		Debug|Any CPU = Debug|Any CPU
		Debug|x64 = Debug|x64
		Debug|x86 = Debug|x86
		Release|Any CPU = Release|Any CPU
		Release|x64 = Release|x64
		Release|x86 = Release|x86
	EndGlobalSection
	GlobalSection(ProjectConfigurationPlatforms) = postSolution
		{740BF7F1-F8B0-4A1A-ADFF-F06724BC4B43}.Debug|Any CPU.ActiveCfg = Debug|Any CPU
		{740BF7F1-F8B0-4A1A-ADFF-F06724BC4B43}.Debug|Any CPU.Build.0 = Debug|Any CPU
		{740BF7F1-F8B0-4A1A-ADFF-F06724BC4B43}.Debug|x64.ActiveCfg = Debug|Any CPU
		{740BF7F1-F8B0-4A1A-ADFF-F06724BC4B43}.Debug|x64.Build.0 = Debug|Any CPU
		{740BF7F1-F8B0-4A1A-ADFF-F06724BC4B43}.Debug|x86.ActiveCfg = Debug|Any CPU
		{740BF7F1-F8B0-4A1A-ADFF-F06724BC4B43}.Debug|x86.Build.0 = Debug|Any CPU
		{740BF7F1-F8B0-4A1A-ADFF-F06724BC4B43}.Release|Any CPU.ActiveCfg = Release|Any CPU
		{740BF7F1-F8B0-4A1A-ADFF-F06724BC4B43}.Release|Any CPU.Build.0 = Release|Any CPU
		{740BF7F1-F8B0-4A1A-ADFF-F06724BC4B43}.Release|x64.ActiveCfg = Release|Any CPU
		{740BF7F1-F8B0-4A1A-ADFF-F06724BC4B43}.Release|x64.Build.0 = Release|Any CPU
		{740BF7F1-F8B0-4A1A-ADFF-F06724BC4B43}.Release|x86.ActiveCfg = Release|Any CPU
		{740BF7F1-F8B0-4A1A-ADFF-F06724BC4B43}.Release|x86.Build.0 = Release|Any CPU
		{8FFD2375-3733-4885-A1D3-A7E4B41F2BBF}.Debug|Any CPU.ActiveCfg = Debug|Any CPU
		{8FFD2375-3733-4885-A1D3-A7E4B41F2BBF}.Debug|Any CPU.Build.0 = Debug|Any CPU
		{8FFD2375-3733-4885-A1D3-A7E4B41F2BBF}.Debug|x64.ActiveCfg = Debug|Any CPU
		{8FFD2375-3733-4885-A1D3-A7E4B41F2BBF}.Debug|x64.Build.0 = Debug|Any CPU
		{8FFD2375-3733-4885-A1D3-A7E4B41F2BBF}.Debug|x86.ActiveCfg = Debug|Any CPU
		{8FFD2375-3733-4885-A1D3-A7E4B41F2BBF}.Debug|x86.Build.0 = Debug|Any CPU
		{8FFD2375-3733-4885-A1D3-A7E4B41F2BBF}.Release|Any CPU.ActiveCfg = Release|Any CPU
		{8FFD2375-3733-4885-A1D3-A7E4B41F2BBF}.Release|Any CPU.Build.0 = Release|Any CPU
		{8FFD2375-3733-4885-A1D3-A7E4B41F2BBF}.Release|x64.ActiveCfg = Release|Any CPU
		{8FFD2375-3733-4885-A1D3-A7E4B41F2BBF}.Release|x64.Build.0 = Release|Any CPU
		{8FFD2375-3733-4885-A1D3-A7E4B41F2BBF}.Release|x86.ActiveCfg = Release|Any CPU
		{8FFD2375-3733-4885-A1D3-A7E4B41F2BBF}.Release|x86.Build.0 = Release|Any CPU
		{10FA11B6-39AC-41AE-8B07-FF4ED2958520}.Debug|Any CPU.ActiveCfg = Debug|Any CPU
		{10FA11B6-39AC-41AE-8B07-FF4ED2958520}.Debug|Any CPU.Build.0 = Debug|Any CPU
		{10FA11B6-39AC-41AE-8B07-FF4ED2958520}.Debug|x64.ActiveCfg = Debug|Any CPU
		{10FA11B6-39AC-41AE-8B07-FF4ED2958520}.Debug|x64.Build.0 = Debug|Any CPU
		{10FA11B6-39AC-41AE-8B07-FF4ED2958520}.Debug|x86.ActiveCfg = Debug|Any CPU
		{10FA11B6-39AC-41AE-8B07-FF4ED2958520}.Debug|x86.Build.0 = Debug|Any CPU
		{10FA11B6-39AC-41AE-8B07-FF4ED2958520}.Release|Any CPU.ActiveCfg = Release|Any CPU
		{10FA11B6-39AC-41AE-8B07-FF4ED2958520}.Release|Any CPU.Build.0 = Release|Any CPU
		{10FA11B6-39AC-41AE-8B07-FF4ED2958520}.Release|x64.ActiveCfg = Release|Any CPU
		{10FA11B6-39AC-41AE-8B07-FF4ED2958520}.Release|x64.Build.0 = Release|Any CPU
		{10FA11B6-39AC-41AE-8B07-FF4ED2958520}.Release|x86.ActiveCfg = Release|Any CPU
		{10FA11B6-39AC-41AE-8B07-FF4ED2958520}.Release|x86.Build.0 = Release|Any CPU
		{CDECC1CC-B2D3-48D7-ACD5-EAADCA780898}.Debug|Any CPU.ActiveCfg = Debug|Any CPU
		{CDECC1CC-B2D3-48D7-ACD5-EAADCA780898}.Debug|Any CPU.Build.0 = Debug|Any CPU
		{CDECC1CC-B2D3-48D7-ACD5-EAADCA780898}.Debug|x64.ActiveCfg = Debug|Any CPU
		{CDECC1CC-B2D3-48D7-ACD5-EAADCA780898}.Debug|x64.Build.0 = Debug|Any CPU
		{CDECC1CC-B2D3-48D7-ACD5-EAADCA780898}.Debug|x86.ActiveCfg = Debug|Any CPU
		{CDECC1CC-B2D3-48D7-ACD5-EAADCA780898}.Debug|x86.Build.0 = Debug|Any CPU
		{CDECC1CC-B2D3-48D7-ACD5-EAADCA780898}.Release|Any CPU.ActiveCfg = Release|Any CPU
		{CDECC1CC-B2D3-48D7-ACD5-EAADCA780898}.Release|Any CPU.Build.0 = Release|Any CPU
		{CDECC1CC-B2D3-48D7-ACD5-EAADCA780898}.Release|x64.ActiveCfg = Release|Any CPU
		{CDECC1CC-B2D3-48D7-ACD5-EAADCA780898}.Release|x64.Build.0 = Release|Any CPU
		{CDECC1CC-B2D3-48D7-ACD5-EAADCA780898}.Release|x86.ActiveCfg = Release|Any CPU
		{CDECC1CC-B2D3-48D7-ACD5-EAADCA780898}.Release|x86.Build.0 = Release|Any CPU
		{5982D297-4F62-4CE6-A896-116C6A5E99A0}.Debug|Any CPU.ActiveCfg = Debug|Any CPU
		{5982D297-4F62-4CE6-A896-116C6A5E99A0}.Debug|Any CPU.Build.0 = Debug|Any CPU
		{5982D297-4F62-4CE6-A896-116C6A5E99A0}.Debug|x64.ActiveCfg = Debug|Any CPU
		{5982D297-4F62-4CE6-A896-116C6A5E99A0}.Debug|x64.Build.0 = Debug|Any CPU
		{5982D297-4F62-4CE6-A896-116C6A5E99A0}.Debug|x86.ActiveCfg = Debug|Any CPU
		{5982D297-4F62-4CE6-A896-116C6A5E99A0}.Debug|x86.Build.0 = Debug|Any CPU
		{5982D297-4F62-4CE6-A896-116C6A5E99A0}.Release|Any CPU.ActiveCfg = Release|Any CPU
		{5982D297-4F62-4CE6-A896-116C6A5E99A0}.Release|Any CPU.Build.0 = Release|Any CPU
		{5982D297-4F62-4CE6-A896-116C6A5E99A0}.Release|x64.ActiveCfg = Release|Any CPU
		{5982D297-4F62-4CE6-A896-116C6A5E99A0}.Release|x64.Build.0 = Release|Any CPU
		{5982D297-4F62-4CE6-A896-116C6A5E99A0}.Release|x86.ActiveCfg = Release|Any CPU
		{5982D297-4F62-4CE6-A896-116C6A5E99A0}.Release|x86.Build.0 = Release|Any CPU
		{6E3EBE3C-5073-456A-BD2E-692EC0C628D3}.Debug|Any CPU.ActiveCfg = Debug|Any CPU
		{6E3EBE3C-5073-456A-BD2E-692EC0C628D3}.Debug|Any CPU.Build.0 = Debug|Any CPU
		{6E3EBE3C-5073-456A-BD2E-692EC0C628D3}.Debug|x64.ActiveCfg = Debug|Any CPU
		{6E3EBE3C-5073-456A-BD2E-692EC0C628D3}.Debug|x64.Build.0 = Debug|Any CPU
		{6E3EBE3C-5073-456A-BD2E-692EC0C628D3}.Debug|x86.ActiveCfg = Debug|Any CPU
		{6E3EBE3C-5073-456A-BD2E-692EC0C628D3}.Debug|x86.Build.0 = Debug|Any CPU
		{6E3EBE3C-5073-456A-BD2E-692EC0C628D3}.Release|Any CPU.ActiveCfg = Release|Any CPU
		{6E3EBE3C-5073-456A-BD2E-692EC0C628D3}.Release|Any CPU.Build.0 = Release|Any CPU
		{6E3EBE3C-5073-456A-BD2E-692EC0C628D3}.Release|x64.ActiveCfg = Release|Any CPU
		{6E3EBE3C-5073-456A-BD2E-692EC0C628D3}.Release|x64.Build.0 = Release|Any CPU
		{6E3EBE3C-5073-456A-BD2E-692EC0C628D3}.Release|x86.ActiveCfg = Release|Any CPU
		{6E3EBE3C-5073-456A-BD2E-692EC0C628D3}.Release|x86.Build.0 = Release|Any CPU
		{F38C9D18-3E7A-402E-8682-08DD7D4823FB}.Debug|Any CPU.ActiveCfg = Debug|Any CPU
		{F38C9D18-3E7A-402E-8682-08DD7D4823FB}.Debug|Any CPU.Build.0 = Debug|Any CPU
		{F38C9D18-3E7A-402E-8682-08DD7D4823FB}.Debug|x64.ActiveCfg = Debug|Any CPU
		{F38C9D18-3E7A-402E-8682-08DD7D4823FB}.Debug|x64.Build.0 = Debug|Any CPU
		{F38C9D18-3E7A-402E-8682-08DD7D4823FB}.Debug|x86.ActiveCfg = Debug|Any CPU
		{F38C9D18-3E7A-402E-8682-08DD7D4823FB}.Debug|x86.Build.0 = Debug|Any CPU
		{F38C9D18-3E7A-402E-8682-08DD7D4823FB}.Release|Any CPU.ActiveCfg = Release|Any CPU
		{F38C9D18-3E7A-402E-8682-08DD7D4823FB}.Release|Any CPU.Build.0 = Release|Any CPU
		{F38C9D18-3E7A-402E-8682-08DD7D4823FB}.Release|x64.ActiveCfg = Release|Any CPU
		{F38C9D18-3E7A-402E-8682-08DD7D4823FB}.Release|x64.Build.0 = Release|Any CPU
		{F38C9D18-3E7A-402E-8682-08DD7D4823FB}.Release|x86.ActiveCfg = Release|Any CPU
		{F38C9D18-3E7A-402E-8682-08DD7D4823FB}.Release|x86.Build.0 = Release|Any CPU
		{7C790CB3-7D26-4255-B0BA-597438EF9E51}.Debug|Any CPU.ActiveCfg = Debug|Any CPU
		{7C790CB3-7D26-4255-B0BA-597438EF9E51}.Debug|Any CPU.Build.0 = Debug|Any CPU
		{7C790CB3-7D26-4255-B0BA-597438EF9E51}.Debug|x64.ActiveCfg = Debug|Any CPU
		{7C790CB3-7D26-4255-B0BA-597438EF9E51}.Debug|x64.Build.0 = Debug|Any CPU
		{7C790CB3-7D26-4255-B0BA-597438EF9E51}.Debug|x86.ActiveCfg = Debug|Any CPU
		{7C790CB3-7D26-4255-B0BA-597438EF9E51}.Debug|x86.Build.0 = Debug|Any CPU
		{7C790CB3-7D26-4255-B0BA-597438EF9E51}.Release|Any CPU.ActiveCfg = Release|Any CPU
		{7C790CB3-7D26-4255-B0BA-597438EF9E51}.Release|Any CPU.Build.0 = Release|Any CPU
		{7C790CB3-7D26-4255-B0BA-597438EF9E51}.Release|x64.ActiveCfg = Release|Any CPU
		{7C790CB3-7D26-4255-B0BA-597438EF9E51}.Release|x64.Build.0 = Release|Any CPU
		{7C790CB3-7D26-4255-B0BA-597438EF9E51}.Release|x86.ActiveCfg = Release|Any CPU
		{7C790CB3-7D26-4255-B0BA-597438EF9E51}.Release|x86.Build.0 = Release|Any CPU
		{CA90BB6D-1165-4D28-88C4-29967D08BD2F}.Debug|Any CPU.ActiveCfg = Debug|Any CPU
		{CA90BB6D-1165-4D28-88C4-29967D08BD2F}.Debug|Any CPU.Build.0 = Debug|Any CPU
		{CA90BB6D-1165-4D28-88C4-29967D08BD2F}.Debug|x64.ActiveCfg = Debug|Any CPU
		{CA90BB6D-1165-4D28-88C4-29967D08BD2F}.Debug|x64.Build.0 = Debug|Any CPU
		{CA90BB6D-1165-4D28-88C4-29967D08BD2F}.Debug|x86.ActiveCfg = Debug|Any CPU
		{CA90BB6D-1165-4D28-88C4-29967D08BD2F}.Debug|x86.Build.0 = Debug|Any CPU
		{CA90BB6D-1165-4D28-88C4-29967D08BD2F}.Release|Any CPU.ActiveCfg = Release|Any CPU
		{CA90BB6D-1165-4D28-88C4-29967D08BD2F}.Release|Any CPU.Build.0 = Release|Any CPU
		{CA90BB6D-1165-4D28-88C4-29967D08BD2F}.Release|x64.ActiveCfg = Release|Any CPU
		{CA90BB6D-1165-4D28-88C4-29967D08BD2F}.Release|x64.Build.0 = Release|Any CPU
		{CA90BB6D-1165-4D28-88C4-29967D08BD2F}.Release|x86.ActiveCfg = Release|Any CPU
		{CA90BB6D-1165-4D28-88C4-29967D08BD2F}.Release|x86.Build.0 = Release|Any CPU
	EndGlobalSection
	GlobalSection(SolutionProperties) = preSolution
		HideSolutionNode = FALSE
	EndGlobalSection
	GlobalSection(NestedProjects) = preSolution
		{8FFD2375-3733-4885-A1D3-A7E4B41F2BBF} = {DCFAB9DC-D382-451D-ACBE-9A5B7BB14E24}
		{10FA11B6-39AC-41AE-8B07-FF4ED2958520} = {DCFAB9DC-D382-451D-ACBE-9A5B7BB14E24}
		{CDECC1CC-B2D3-48D7-ACD5-EAADCA780898} = {DCFAB9DC-D382-451D-ACBE-9A5B7BB14E24}
		{5982D297-4F62-4CE6-A896-116C6A5E99A0} = {DCFAB9DC-D382-451D-ACBE-9A5B7BB14E24}
		{6E3EBE3C-5073-456A-BD2E-692EC0C628D3} = {DCFAB9DC-D382-451D-ACBE-9A5B7BB14E24}
		{F38C9D18-3E7A-402E-8682-08DD7D4823FB} = {DCFAB9DC-D382-451D-ACBE-9A5B7BB14E24}
		{7C790CB3-7D26-4255-B0BA-597438EF9E51} = {DCFAB9DC-D382-451D-ACBE-9A5B7BB14E24}
		{CA90BB6D-1165-4D28-88C4-29967D08BD2F} = {DCFAB9DC-D382-451D-ACBE-9A5B7BB14E24}
	EndGlobalSection
	GlobalSection(ExtensibilityGlobals) = postSolution
		SolutionGuid = {39A53C4F-53FD-4568-9639-B298B7A42354}
	EndGlobalSection
EndGlobal
